
Microsoft Visual Studio Solution File, Format Version 12.00
# Visual Studio Version 17
VisualStudioVersion = 17.5.2.0
MinimumVisualStudioVersion = 10.0.40219.1
Project("{FAE04EC0-301F-11D3-BF4B-00C04F79EFBC}") = "EcommerceApp", "EcommerceApp.csproj", "{C50569AD-1E91-698F-4FF9-81C6C4B01E89}"
EndProject
Project("{FAE04EC0-301F-11D3-BF4B-00C04F79EFBC}") = "API", "..\API\API.csproj", "{83AE0BA3-4AA8-4FDE-B1D8-EFA0886F6D53}"
EndProject
Global
	GlobalSection(SolutionConfigurationPlatforms) = preSolution
		Debug|Any CPU = Debug|Any CPU
		Debug|x64 = Debug|x64
		Debug|x86 = Debug|x86
		Release|Any CPU = Release|Any CPU
		Release|x64 = Release|x64
		Release|x86 = Release|x86
	EndGlobalSection
	GlobalSection(ProjectConfigurationPlatforms) = postSolution
		{C50569AD-1E91-698F-4FF9-81C6C4B01E89}.Debug|Any CPU.ActiveCfg = Debug|Any CPU
		{C50569AD-1E91-698F-4FF9-81C6C4B01E89}.Debug|Any CPU.Build.0 = Debug|Any CPU
		{C50569AD-1E91-698F-4FF9-81C6C4B01E89}.Debug|x64.ActiveCfg = Debug|Any CPU
		{C50569AD-1E91-698F-4FF9-81C6C4B01E89}.Debug|x64.Build.0 = Debug|Any CPU
		{C50569AD-1E91-698F-4FF9-81C6C4B01E89}.Debug|x86.ActiveCfg = Debug|Any CPU
		{C50569AD-1E91-698F-4FF9-81C6C4B01E89}.Debug|x86.Build.0 = Debug|Any CPU
		{C50569AD-1E91-698F-4FF9-81C6C4B01E89}.Release|Any CPU.ActiveCfg = Release|Any CPU
		{C50569AD-1E91-698F-4FF9-81C6C4B01E89}.Release|Any CPU.Build.0 = Release|Any CPU
		{C50569AD-1E91-698F-4FF9-81C6C4B01E89}.Release|x64.ActiveCfg = Release|Any CPU
		{C50569AD-1E91-698F-4FF9-81C6C4B01E89}.Release|x64.Build.0 = Release|Any CPU
		{C50569AD-1E91-698F-4FF9-81C6C4B01E89}.Release|x86.ActiveCfg = Release|Any CPU
		{C50569AD-1E91-698F-4FF9-81C6C4B01E89}.Release|x86.Build.0 = Release|Any CPU
		{83AE0BA3-4AA8-4FDE-B1D8-EFA0886F6D53}.Debug|Any CPU.ActiveCfg = Debug|Any CPU
		{83AE0BA3-4AA8-4FDE-B1D8-EFA0886F6D53}.Debug|Any CPU.Build.0 = Debug|Any CPU
		{83AE0BA3-4AA8-4FDE-B1D8-EFA0886F6D53}.Debug|x64.ActiveCfg = Debug|Any CPU
		{83AE0BA3-4AA8-4FDE-B1D8-EFA0886F6D53}.Debug|x64.Build.0 = Debug|Any CPU
		{83AE0BA3-4AA8-4FDE-B1D8-EFA0886F6D53}.Debug|x86.ActiveCfg = Debug|Any CPU
		{83AE0BA3-4AA8-4FDE-B1D8-EFA0886F6D53}.Debug|x86.Build.0 = Debug|Any CPU
		{83AE0BA3-4AA8-4FDE-B1D8-EFA0886F6D53}.Release|Any CPU.ActiveCfg = Release|Any CPU
		{83AE0BA3-4AA8-4FDE-B1D8-EFA0886F6D53}.Release|Any CPU.Build.0 = Release|Any CPU
		{83AE0BA3-4AA8-4FDE-B1D8-EFA0886F6D53}.Release|x64.ActiveCfg = Release|Any CPU
		{83AE0BA3-4AA8-4FDE-B1D8-EFA0886F6D53}.Release|x64.Build.0 = Release|Any CPU
		{83AE0BA3-4AA8-4FDE-B1D8-EFA0886F6D53}.Release|x86.ActiveCfg = Release|Any CPU
		{83AE0BA3-4AA8-4FDE-B1D8-EFA0886F6D53}.Release|x86.Build.0 = Release|Any CPU
	EndGlobalSection
	GlobalSection(SolutionProperties) = preSolution
		HideSolutionNode = FALSE
	EndGlobalSection
	GlobalSection(ExtensibilityGlobals) = postSolution
		SolutionGuid = {998D2C85-06C1-4B3D-A645-71C541FBDD28}
	EndGlobalSection
EndGlobal
